<?xml version="1.0" encoding="utf-8"?>
<Project ToolsVersion="4.0" xmlns="http://schemas.microsoft.com/developer/msbuild/2003">
  <ItemGroup>
    <Filter Include="Resource Files">
      <UniqueIdentifier>{67DA6AB6-F800-4c08-8B7A-83BB121AAD01}</UniqueIdentifier>
      <Extensions>rc;ico;cur;bmp;dlg;rc2;rct;bin;rgs;gif;jpg;jpeg;jpe;resx;tiff;tif;png;wav;mfcribbon-ms</Extensions>
    </Filter>
    <Filter Include="Game">
      <UniqueIdentifier>{3fb7f394-8b30-4923-8726-814d18d32744}</UniqueIdentifier>
    </Filter>
    <Filter Include="Game\Source Files">
      <UniqueIdentifier>{4FC737F1-C7A5-4376-A066-2A32D752A2FF}</UniqueIdentifier>
      <Extensions>cpp;c;cc;cxx;c++;cppm;ixx;def;odl;idl;hpj;bat;asm;asmx</Extensions>
    </Filter>
    <Filter Include="Components">
      <UniqueIdentifier>{c62e85bb-7f36-476e-a5be-ff06afdc43ac}</UniqueIdentifier>
    </Filter>
    <Filter Include="Components\Source">
      <UniqueIdentifier>{4fac2a0b-3031-4b8a-b9e8-269b2ed0f91f}</UniqueIdentifier>
    </Filter>
    <Filter Include="Commands">
      <UniqueIdentifier>{2b443b0f-a539-4759-8329-8ae53e529683}</UniqueIdentifier>
    </Filter>
    <Filter Include="Commands\Source">
      <UniqueIdentifier>{edff0fe8-bd6e-4f72-8ace-6f6cf514e70e}</UniqueIdentifier>
    </Filter>
  </ItemGroup>
  <ItemGroup>
    <ClCompile Include="BubbleBobble.cpp">
      <Filter>Game\Source Files</Filter>
    </ClCompile>
    <ClCompile Include="MovementComponent.cpp">
      <Filter>Components\Source</Filter>
    </ClCompile>
    <ClCompile Include="HealthDisplay.cpp">
      <Filter>Components\Source</Filter>
    </ClCompile>
    <ClCompile Include="Health.cpp">
      <Filter>Components\Source</Filter>
    </ClCompile>
    <ClCompile Include="PlayerController.cpp">
      <Filter>Components\Source</Filter>
    </ClCompile>
    <ClCompile Include="Score.cpp">
      <Filter>Components\Source</Filter>
    </ClCompile>
    <ClCompile Include="DamageCommand.cpp">
      <Filter>Commands\Source</Filter>
    </ClCompile>
    <ClCompile Include="MovementCommands.cpp">
      <Filter>Commands\Source</Filter>
    </ClCompile>
    <ClCompile Include="AudioHandler.cpp">
      <Filter>Components\Source</Filter>
    </ClCompile>
    <ClCompile Include="GridComponent.cpp">
      <Filter>Components\Source</Filter>
    </ClCompile>
    <ClCompile Include="PlayerState.cpp">
      <Filter>Game\Source Files</Filter>
    </ClCompile>
    <ClCompile Include="IdlePlayerState.cpp">
      <Filter>Game\Source Files</Filter>
    </ClCompile>
    <ClCompile Include="WalkingPlayerState.cpp">
      <Filter>Game\Source Files</Filter>
    </ClCompile>
    <ClCompile Include="JumpingPlayerState.cpp">
      <Filter>Game\Source Files</Filter>
    </ClCompile>
    <ClCompile Include="FallingPlayerState.cpp">
      <Filter>Game\Source Files</Filter>
    </ClCompile>
    <ClCompile Include="DyingPlayerState.cpp">
      <Filter>Game\Source Files</Filter>
    </ClCompile>
    <ClCompile Include="BurpPlayerState.cpp">
      <Filter>Game\Source Files</Filter>
    </ClCompile>
    <ClCompile Include="BurpCommand.cpp">
      <Filter>Commands\Source</Filter>
    </ClCompile>
    <ClCompile Include="TileComponent.cpp">
      <Filter>Game\Source Files</Filter>
    </ClCompile>
  </ItemGroup>
  <ItemGroup>
    <ClInclude Include="PlayerController.h">
      <Filter>Components</Filter>
    </ClInclude>
    <ClInclude Include="Health.h">
      <Filter>Components</Filter>
    </ClInclude>
    <ClInclude Include="HealthDisplay.h">
      <Filter>Components</Filter>
    </ClInclude>
    <ClInclude Include="MovementComponent.h">
      <Filter>Components</Filter>
    </ClInclude>
    <ClInclude Include="Score.h">
      <Filter>Components</Filter>
    </ClInclude>
    <ClInclude Include="DamageCommand.h">
      <Filter>Commands</Filter>
    </ClInclude>
    <ClInclude Include="MovementCommands.h">
      <Filter>Commands</Filter>
    </ClInclude>
    <ClInclude Include="JumpCommand.h">
      <Filter>Commands</Filter>
    </ClInclude>
    <ClInclude Include="AudioHandler.h">
      <Filter>Components</Filter>
    </ClInclude>
    <ClInclude Include="GridComponent.h">
      <Filter>Components</Filter>
    </ClInclude>
    <ClInclude Include="PlayerState.h">
      <Filter>Game</Filter>
    </ClInclude>
    <ClInclude Include="IdlePlayerState.h">
      <Filter>Game</Filter>
    </ClInclude>
    <ClInclude Include="WalkingPlayerState.h">
      <Filter>Game</Filter>
    </ClInclude>
    <ClInclude Include="FallingPlayerState.h">
      <Filter>Game</Filter>
    </ClInclude>
    <ClInclude Include="DyingPlayerState.h">
      <Filter>Game</Filter>
    </ClInclude>
    <ClInclude Include="BurpPlayerState.h">
      <Filter>Game</Filter>
    </ClInclude>
    <ClInclude Include="BurpCommand.h">
      <Filter>Commands</Filter>
    </ClInclude>
    <ClInclude Include="RenderPriorities.h">
      <Filter>Game</Filter>
    </ClInclude>
    <ClInclude Include="TileComponent.h">
      <Filter>Components</Filter>
    </ClInclude>
    <ClInclude Include="BurpComponent.h" />
  </ItemGroup>
  <ItemGroup>
    <None Include="JumpingPlayerState.h">
      <Filter>Game</Filter>
    </None>
  </ItemGroup>
</Project>